
Microsoft Visual Studio Solution File, Format Version 11.00
# Visual Studio 2010
Project("{F184B08F-C81C-45F6-A57F-5ABD9991F28F}") = "CS 346_Group 1A", "CS 346_Group 1A\CS 346_Group 1A.vbproj", "{B3B5AA11-2B84-4095-AE8B-B294BE697A0F}"
EndProject
Global
	GlobalSection(SolutionConfigurationPlatforms) = preSolution
		Debug|x86 = Debug|x86
		Release|x86 = Release|x86
	EndGlobalSection
	GlobalSection(ProjectConfigurationPlatforms) = postSolution
		{B3B5AA11-2B84-4095-AE8B-B294BE697A0F}.Debug|x86.ActiveCfg = Debug|x86
		{B3B5AA11-2B84-4095-AE8B-B294BE697A0F}.Debug|x86.Build.0 = Debug|x86
		{B3B5AA11-2B84-4095-AE8B-B294BE697A0F}.Release|x86.ActiveCfg = Release|x86
		{B3B5AA11-2B84-4095-AE8B-B294BE697A0F}.Release|x86.Build.0 = Release|x86
	EndGlobalSection
	GlobalSection(SolutionProperties) = preSolution
		HideSolutionNode = FALSE
	EndGlobalSection
EndGlobal
